PODS:
  - iOSDropDown (0.4.0)
  - IQKeyboardManagerSwift (6.5.11)

DEPENDENCIES:
  - iOSDropDown
  - IQKeyboardManagerSwift

SPEC REPOS:
  trunk:
    - iOSDropDown
    - IQKeyboardManagerSwift

SPEC CHECKSUMS:
  iOSDropDown: ce9daa584eaa5567cafc1b633e3cc7eb6d9cea42
  IQKeyboardManagerSwift: c7955c0bdbf7b2eb29bb7daaa44e3d90f55a9a85

PODFILE CHECKSUM: d0ec202b5626fa8201d0cd11a60ec3e3e2985e33

COCOAPODS: 1.11.3
